{
  "name": "clean-app",
  "lockfileVersion": 3,
  "packages": {
    "": {
      "name": "clean-app",
      "dependencies": {
        "left-pad": "^1.3.0"
      }
    },
    "node_modules/left-pad": {
      "version": "1.3.0",
      "resolved": "https://registry.npmjs.org/left-pad/-/left-pad-1.3.0.tgz",
      "integrity": "sha512-Zml4dHVyZS1oYXNoLW5vdC1yZWFsLTAxMjM0NTY3ODlhYmNkZWYwMTIzNDU2Nzg5YWJjZGVmMDEyMzQ1Njc4OWFi"
    }
  }
}
