{
  "name": "bin-escape",
  "lockfileVersion": 3,
  "packages": {
    "": {
      "name": "bin-escape"
    },
    "node_modules/tiny-tool": {
      "version": "1.0.0",
      "resolved": "https://registry.npmjs.org/tiny-tool/-/tiny-tool-1.0.0.tgz",
      "integrity": "sha512-Zml4dHVyZS1oYXNoLW5vdC1yZWFsLTAxMjM0NTY3ODlhYmNkZWYwMTIzNDU2Nzg5YWJjZGVmMDEyMzQ1Njc4OWFi"
    }
  }
}
