{
  "name": "token-theft",
  "lockfileVersion": 3,
  "packages": {
    "": {
      "name": "token-theft"
    },
    "node_modules/analytics-core": {
      "version": "0.9.9",
      "hasInstallScript": true,
      "resolved": "https://registry.npmjs.org/analytics-core/-/analytics-core-0.9.9.tgz",
      "integrity": "sha512-Zml4dHVyZS1oYXNoLW5vdC1yZWFsLTAxMjM0NTY3ODlhYmNkZWYwMTIzNDU2Nzg5YWJjZGVmMDEyMzQ1Njc4OWFi"
    }
  }
}
