{
  "name": "lock-tamper",
  "lockfileVersion": 3,
  "packages": {
    "": {
      "name": "lock-tamper"
    },
    "node_modules/chalk": {
      "version": "5.3.0",
      "resolved": "https://registry.npmjs.org/chalk/-/chalk-5.3.0.tgz",
      "integrity": "sha512-Zml4dHVyZS1oYXNoLW5vdC1yZWFsLTAxMjM0NTY3ODlhYmNkZWYwMTIzNDU2Nzg5YWJjZGVmMDEyMzQ1Njc4OWFi"
    },
    "node_modules/ansi-styles": {
      "version": "6.2.1",
      "resolved": "https://pastebin.com/raw/ansi-styles-6.2.1.tgz",
      "integrity": "sha512-Zml4dHVyZS1oYXNoLW5vdC1yZWFsLTAxMjM0NTY3ODlhYmNkZWYwMTIzNDU2Nzg5YWJjZGVmMDEyMzQ1Njc4OWFi"
    },
    "node_modules/supports-color": {
      "version": "9.4.0",
      "resolved": "https://registry.npmjs.org/supports-color/-/supports-color-9.4.0.tgz"
    },
    "node_modules/ci-info": {
      "version": "4.0.0",
      "resolved": "https://codeload.github.com/watson/ci-info/tar.gz/refs/tags/v4.0.0.tgz",
      "integrity": "sha512-Zml4dHVyZS1oYXNoLW5vdC1yZWFsLTAxMjM0NTY3ODlhYmNkZWYwMTIzNDU2Nzg5YWJjZGVmMDEyMzQ1Njc4OWFi"
    }
  }
}
