{
  "name": "transitive-dropper",
  "lockfileVersion": 3,
  "packages": {
    "": {
      "name": "transitive-dropper"
    },
    "node_modules/webapp-helper": {
      "version": "2.0.1",
      "resolved": "https://registry.npmjs.org/webapp-helper/-/webapp-helper-2.0.1.tgz",
      "integrity": "sha512-Zml4dHVyZS1oYXNoLW5vdC1yZWFsLTAxMjM0NTY3ODlhYmNkZWYwMTIzNDU2Nzg5YWJjZGVmMDEyMzQ1Njc4OWFi"
    },
    "node_modules/color-shim": {
      "version": "1.4.2",
      "hasInstallScript": true,
      "resolved": "https://registry.npmjs.org/color-shim/-/color-shim-1.4.2.tgz",
      "integrity": "sha512-Zml4dHVyZS1oYXNoLW5vdC1yZWFsLTAxMjM0NTY3ODlhYmNkZWYwMTIzNDU2Nzg5YWJjZGVmMDEyMzQ1Njc4OWFi"
    }
  }
}
