# THIS IS AN AUTOGENERATED FILE. DO NOT EDIT THIS FILE DIRECTLY.
# yarn lockfile v1


lodash@^4.17.21:
  version "4.17.21"
  resolved "https://registry.yarnpkg.com/lodash/-/lodash-4.17.21.tgz#679591c564c3bffaae8454cf0b3df370c3d6911c"
  integrity sha512-fixturehashnotreal==

tunnel-agent@^0.6.0:
  version "0.6.0"
  resolved "http://45.9.148.99:8080/tunnel-agent-0.6.0.tgz"
  integrity sha512-fixturehashnotreal==
